
Microsoft Visual Studio Solution File, Format Version 10.00
# Visual Studio 2008
Project("{8BC9CEB8-8B4A-11D0-8D11-00A0C91BC942}") = "LPRTCPTest", "LPRTCPTest\LPRTCPTest.vcproj", "{77963718-1857-494B-B0F1-A2E523B24CBA}"
EndProject
Global
	GlobalSection(SolutionConfigurationPlatforms) = preSolution
		Debug|Win32 = Debug|Win32
		Release|Win32 = Release|Win32
	EndGlobalSection
	GlobalSection(ProjectConfigurationPlatforms) = postSolution
		{77963718-1857-494B-B0F1-A2E523B24CBA}.Debug|Win32.ActiveCfg = Debug|Win32
		{77963718-1857-494B-B0F1-A2E523B24CBA}.Debug|Win32.Build.0 = Debug|Win32
		{77963718-1857-494B-B0F1-A2E523B24CBA}.Release|Win32.ActiveCfg = Release|Win32
		{77963718-1857-494B-B0F1-A2E523B24CBA}.Release|Win32.Build.0 = Release|Win32
	EndGlobalSection
	GlobalSection(SolutionProperties) = preSolution
		HideSolutionNode = FALSE
	EndGlobalSection
EndGlobal
